// !$*UTF8*$!
{
	archiveVersion = 1;
	classes = {
	};
	objectVersion = 55;
	objects = {

/* Begin PBXBuildFile section */
		4050F7E35247320D6F181054 /* Pods_RestAPIManager.framework in Frameworks */ = {isa = PBXBuildFile; fileRef = 4030A400830EC1114AD52C7E /* Pods_RestAPIManager.framework */; };
		7201857727906F130021B813 /* AppDelegate.swift in Sources */ = {isa = PBXBuildFile; fileRef = 7201857627906F130021B813 /* AppDelegate.swift */; };
		7201857927906F130021B813 /* SceneDelegate.swift in Sources */ = {isa = PBXBuildFile; fileRef = 7201857827906F130021B813 /* SceneDelegate.swift */; };
		7201857B27906F130021B813 /* ViewController.swift in Sources */ = {isa = PBXBuildFile; fileRef = 7201857A27906F130021B813 /* ViewController.swift */; };
		7201857E27906F130021B813 /* Main.storyboard in Resources */ = {isa = PBXBuildFile; fileRef = 7201857C27906F130021B813 /* Main.storyboard */; };
		7201858027906F140021B813 /* Assets.xcassets in Resources */ = {isa = PBXBuildFile; fileRef = 7201857F27906F140021B813 /* Assets.xcassets */; };
		7201858327906F140021B813 /* LaunchScreen.storyboard in Resources */ = {isa = PBXBuildFile; fileRef = 7201858127906F140021B813 /* LaunchScreen.storyboard */; };
		7201858E27906F140021B813 /* RestApiManagerTests.swift in Sources */ = {isa = PBXBuildFile; fileRef = 7201858D27906F140021B813 /* RestApiManagerTests.swift */; };
		721C7E49279A33060007815F /* UsersTestFile.json in Resources */ = {isa = PBXBuildFile; fileRef = 72B9E2C12798369900B703B7 /* UsersTestFile.json */; };
		72B4CF01279768C7007AB50B /* User.swift in Sources */ = {isa = PBXBuildFile; fileRef = 72B4CF00279768C7007AB50B /* User.swift */; };
		72B4CF0327976EF2007AB50B /* HTTPClient.swift in Sources */ = {isa = PBXBuildFile; fileRef = 72B4CF0227976EF2007AB50B /* HTTPClient.swift */; };
		72B4CF0527980EC1007AB50B /* JSONCoder.swift in Sources */ = {isa = PBXBuildFile; fileRef = 72B4CF0427980EC1007AB50B /* JSONCoder.swift */; };
		72B9E2C327983DFA00B703B7 /* UsersTestFile.json in Resources */ = {isa = PBXBuildFile; fileRef = 72B9E2C12798369900B703B7 /* UsersTestFile.json */; };
		72B9E2C42798489200B703B7 /* Config.swift in Sources */ = {isa = PBXBuildFile; fileRef = 72BDB3512790ABA200F68B4C /* Config.swift */; };
		72BD3351279AC99400068760 /* RestAPICall.swift in Sources */ = {isa = PBXBuildFile; fileRef = 72BD3350279AC99400068760 /* RestAPICall.swift */; };
		72BD335A279B785500068760 /* RestAPIClient.swift in Sources */ = {isa = PBXBuildFile; fileRef = 72BD3359279B785500068760 /* RestAPIClient.swift */; };
		72BDB3472790A9F300F68B4C /* Config-Debug.plist in Resources */ = {isa = PBXBuildFile; fileRef = 72BDB3462790A9F300F68B4C /* Config-Debug.plist */; };
		72BDB34C2790AA1700F68B4C /* Config-Release.plist in Resources */ = {isa = PBXBuildFile; fileRef = 72BDB34B2790AA1700F68B4C /* Config-Release.plist */; };
		72BDB3522790ABA200F68B4C /* Config.swift in Sources */ = {isa = PBXBuildFile; fileRef = 72BDB3512790ABA200F68B4C /* Config.swift */; };
		72D5FC972798279600328CF9 /* GoRestApiClientTests.swift in Sources */ = {isa = PBXBuildFile; fileRef = 72D5FC962798279600328CF9 /* GoRestApiClientTests.swift */; };
		72D5FC992798291B00328CF9 /* HTTPClientMock.swift in Sources */ = {isa = PBXBuildFile; fileRef = 72D5FC982798291B00328CF9 /* HTTPClientMock.swift */; };
		8716DA4327C7930F0097EC8B /* GetCurrentWeatherOpenWeatherMapCallTests.swift in Sources */ = {isa = PBXBuildFile; fileRef = 8716DA4227C7930F0097EC8B /* GetCurrentWeatherOpenWeatherMapCallTests.swift */; };
		8716DA4627C797C70097EC8B /* OpenWeatherMapCurrentWeatherTestData.json in Resources */ = {isa = PBXBuildFile; fileRef = 8716DA4527C797C70097EC8B /* OpenWeatherMapCurrentWeatherTestData.json */; };
		8716DA4827C7985E0097EC8B /* Data+jsonFileName.swift in Sources */ = {isa = PBXBuildFile; fileRef = 8716DA4727C7985E0097EC8B /* Data+jsonFileName.swift */; };
		8745B0F627C775C800638C8F /* DeleteUserGoRestAPIRequest.swift in Sources */ = {isa = PBXBuildFile; fileRef = 8745B0F227C775C800638C8F /* DeleteUserGoRestAPIRequest.swift */; };
		8745B0F727C775C800638C8F /* AddUserGoRestAPIRequest.swift in Sources */ = {isa = PBXBuildFile; fileRef = 8745B0F327C775C800638C8F /* AddUserGoRestAPIRequest.swift */; };
		8745B0F827C775C800638C8F /* UpdateUserGoRestAPIRequest.swift in Sources */ = {isa = PBXBuildFile; fileRef = 8745B0F427C775C800638C8F /* UpdateUserGoRestAPIRequest.swift */; };
		8745B0F927C775C800638C8F /* GetUsersGoRestAPIRequest.swift in Sources */ = {isa = PBXBuildFile; fileRef = 8745B0F527C775C800638C8F /* GetUsersGoRestAPIRequest.swift */; };
		8745B0FB27C775CF00638C8F /* GoRestAPIClient.swift in Sources */ = {isa = PBXBuildFile; fileRef = 8745B0FA27C775CF00638C8F /* GoRestAPIClient.swift */; };
		8745B0FE27C77F0D00638C8F /* AirPollution.swift in Sources */ = {isa = PBXBuildFile; fileRef = 8745B0FC27C77F0D00638C8F /* AirPollution.swift */; };
		8745B0FF27C77F0D00638C8F /* Weather.swift in Sources */ = {isa = PBXBuildFile; fileRef = 8745B0FD27C77F0D00638C8F /* Weather.swift */; };
		875452AB27C79A780092056C /* OpenWeatherMapAPIClient.swift in Sources */ = {isa = PBXBuildFile; fileRef = 8745B0ED27C774FD00638C8F /* OpenWeatherMapAPIClient.swift */; };
		875452AC27C79A7C0092056C /* GetCurrentWeatherOpenWeatherMapCall.swift in Sources */ = {isa = PBXBuildFile; fileRef = 8745B0EB27C774FD00638C8F /* GetCurrentWeatherOpenWeatherMapCall.swift */; };
		875452AD27C79A7C0092056C /* GetCurrentAirPollutionOpenWeatherMapAPICall.swift in Sources */ = {isa = PBXBuildFile; fileRef = 8745B0EC27C774FD00638C8F /* GetCurrentAirPollutionOpenWeatherMapAPICall.swift */; };
		875452AE27C79F520092056C /* OpenWeatherMapCurrentWeatherTestData.json in Resources */ = {isa = PBXBuildFile; fileRef = 8716DA4527C797C70097EC8B /* OpenWeatherMapCurrentWeatherTestData.json */; };
		9CFC92E5BADAC4A93DA9B22B /* Pods_RestAPIManager_RestAPIManagerTests.framework in Frameworks */ = {isa = PBXBuildFile; fileRef = 6C2B2E42C4388D2319ECE697 /* Pods_RestAPIManager_RestAPIManagerTests.framework */; };
/* End PBXBuildFile section */

/* Begin PBXContainerItemProxy section */
		7201858A27906F140021B813 /* PBXContainerItemProxy */ = {
			isa = PBXContainerItemProxy;
			containerPortal = 7201856B27906F130021B813 /* Project object */;
			proxyType = 1;
			remoteGlobalIDString = 7201857227906F130021B813;
			remoteInfo = RestAPIManager;
		};
/* End PBXContainerItemProxy section */

/* Begin PBXFileReference section */
		0BD021A73EB06EB56CEA6040 /* Pods-RestAPIManager-RestAPIManagerTests.debug.xcconfig */ = {isa = PBXFileReference; includeInIndex = 1; lastKnownFileType = text.xcconfig; name = "Pods-RestAPIManager-RestAPIManagerTests.debug.xcconfig"; path = "Target Support Files/Pods-RestAPIManager-RestAPIManagerTests/Pods-RestAPIManager-RestAPIManagerTests.debug.xcconfig"; sourceTree = "<group>"; };
		4030A400830EC1114AD52C7E /* Pods_RestAPIManager.framework */ = {isa = PBXFileReference; explicitFileType = wrapper.framework; includeInIndex = 0; path = Pods_RestAPIManager.framework; sourceTree = BUILT_PRODUCTS_DIR; };
		6C2569DA837858EE923E05A3 /* Pods-RestAPIManager.debug.xcconfig */ = {isa = PBXFileReference; includeInIndex = 1; lastKnownFileType = text.xcconfig; name = "Pods-RestAPIManager.debug.xcconfig"; path = "Target Support Files/Pods-RestAPIManager/Pods-RestAPIManager.debug.xcconfig"; sourceTree = "<group>"; };
		6C2B2E42C4388D2319ECE697 /* Pods_RestAPIManager_RestAPIManagerTests.framework */ = {isa = PBXFileReference; explicitFileType = wrapper.framework; includeInIndex = 0; path = Pods_RestAPIManager_RestAPIManagerTests.framework; sourceTree = BUILT_PRODUCTS_DIR; };
		7201857327906F130021B813 /* RestAPIManager.app */ = {isa = PBXFileReference; explicitFileType = wrapper.application; includeInIndex = 0; path = RestAPIManager.app; sourceTree = BUILT_PRODUCTS_DIR; };
		7201857627906F130021B813 /* AppDelegate.swift */ = {isa = PBXFileReference; lastKnownFileType = sourcecode.swift; path = AppDelegate.swift; sourceTree = "<group>"; };
		7201857827906F130021B813 /* SceneDelegate.swift */ = {isa = PBXFileReference; lastKnownFileType = sourcecode.swift; path = SceneDelegate.swift; sourceTree = "<group>"; };
		7201857A27906F130021B813 /* ViewController.swift */ = {isa = PBXFileReference; lastKnownFileType = sourcecode.swift; path = ViewController.swift; sourceTree = "<group>"; };
		7201857D27906F130021B813 /* Base */ = {isa = PBXFileReference; lastKnownFileType = file.storyboard; name = Base; path = Base.lproj/Main.storyboard; sourceTree = "<group>"; };
		7201857F27906F140021B813 /* Assets.xcassets */ = {isa = PBXFileReference; lastKnownFileType = folder.assetcatalog; path = Assets.xcassets; sourceTree = "<group>"; };
		7201858227906F140021B813 /* Base */ = {isa = PBXFileReference; lastKnownFileType = file.storyboard; name = Base; path = Base.lproj/LaunchScreen.storyboard; sourceTree = "<group>"; };
		7201858427906F140021B813 /* Info.plist */ = {isa = PBXFileReference; lastKnownFileType = text.plist.xml; path = Info.plist; sourceTree = "<group>"; };
		7201858927906F140021B813 /* RestAPIManagerTests.xctest */ = {isa = PBXFileReference; explicitFileType = wrapper.cfbundle; includeInIndex = 0; path = RestAPIManagerTests.xctest; sourceTree = BUILT_PRODUCTS_DIR; };
		7201858D27906F140021B813 /* RestApiManagerTests.swift */ = {isa = PBXFileReference; lastKnownFileType = sourcecode.swift; path = RestApiManagerTests.swift; sourceTree = "<group>"; };
		72B4CF00279768C7007AB50B /* User.swift */ = {isa = PBXFileReference; lastKnownFileType = sourcecode.swift; path = User.swift; sourceTree = "<group>"; };
		72B4CF0227976EF2007AB50B /* HTTPClient.swift */ = {isa = PBXFileReference; lastKnownFileType = sourcecode.swift; path = HTTPClient.swift; sourceTree = "<group>"; };
		72B4CF0427980EC1007AB50B /* JSONCoder.swift */ = {isa = PBXFileReference; lastKnownFileType = sourcecode.swift; path = JSONCoder.swift; sourceTree = "<group>"; };
		72B9E2C12798369900B703B7 /* UsersTestFile.json */ = {isa = PBXFileReference; explicitFileType = text.json; path = UsersTestFile.json; sourceTree = "<group>"; };
		72BD3350279AC99400068760 /* RestAPICall.swift */ = {isa = PBXFileReference; lastKnownFileType = sourcecode.swift; path = RestAPICall.swift; sourceTree = "<group>"; };
		72BD3359279B785500068760 /* RestAPIClient.swift */ = {isa = PBXFileReference; lastKnownFileType = sourcecode.swift; path = RestAPIClient.swift; sourceTree = "<group>"; };
		72BDB33B27909E2000F68B4C /* build_config.sh */ = {isa = PBXFileReference; lastKnownFileType = text.script.sh; path = build_config.sh; sourceTree = "<group>"; };
		72BDB3462790A9F300F68B4C /* Config-Debug.plist */ = {isa = PBXFileReference; lastKnownFileType = text.plist.xml; path = "Config-Debug.plist"; sourceTree = "<group>"; };
		72BDB34B2790AA1700F68B4C /* Config-Release.plist */ = {isa = PBXFileReference; lastKnownFileType = text.plist.xml; path = "Config-Release.plist"; sourceTree = "<group>"; };
		72BDB3512790ABA200F68B4C /* Config.swift */ = {isa = PBXFileReference; fileEncoding = 4; lastKnownFileType = sourcecode.swift; path = Config.swift; sourceTree = "<group>"; };
		72D5FC962798279600328CF9 /* GoRestApiClientTests.swift */ = {isa = PBXFileReference; lastKnownFileType = sourcecode.swift; path = GoRestApiClientTests.swift; sourceTree = "<group>"; };
		72D5FC982798291B00328CF9 /* HTTPClientMock.swift */ = {isa = PBXFileReference; lastKnownFileType = sourcecode.swift; path = HTTPClientMock.swift; sourceTree = "<group>"; };
		8716DA4227C7930F0097EC8B /* GetCurrentWeatherOpenWeatherMapCallTests.swift */ = {isa = PBXFileReference; lastKnownFileType = sourcecode.swift; path = GetCurrentWeatherOpenWeatherMapCallTests.swift; sourceTree = "<group>"; };
		8716DA4527C797C70097EC8B /* OpenWeatherMapCurrentWeatherTestData.json */ = {isa = PBXFileReference; lastKnownFileType = text.json; path = OpenWeatherMapCurrentWeatherTestData.json; sourceTree = "<group>"; };
		8716DA4727C7985E0097EC8B /* Data+jsonFileName.swift */ = {isa = PBXFileReference; lastKnownFileType = sourcecode.swift; path = "Data+jsonFileName.swift"; sourceTree = "<group>"; };
		8745B0EB27C774FD00638C8F /* GetCurrentWeatherOpenWeatherMapCall.swift */ = {isa = PBXFileReference; lastKnownFileType = sourcecode.swift; path = GetCurrentWeatherOpenWeatherMapCall.swift; sourceTree = "<group>"; };
		8745B0EC27C774FD00638C8F /* GetCurrentAirPollutionOpenWeatherMapAPICall.swift */ = {isa = PBXFileReference; lastKnownFileType = sourcecode.swift; path = GetCurrentAirPollutionOpenWeatherMapAPICall.swift; sourceTree = "<group>"; };
		8745B0ED27C774FD00638C8F /* OpenWeatherMapAPIClient.swift */ = {isa = PBXFileReference; lastKnownFileType = sourcecode.swift; path = OpenWeatherMapAPIClient.swift; sourceTree = "<group>"; };
		8745B0F227C775C800638C8F /* DeleteUserGoRestAPIRequest.swift */ = {isa = PBXFileReference; fileEncoding = 4; lastKnownFileType = sourcecode.swift; path = DeleteUserGoRestAPIRequest.swift; sourceTree = "<group>"; };
		8745B0F327C775C800638C8F /* AddUserGoRestAPIRequest.swift */ = {isa = PBXFileReference; fileEncoding = 4; lastKnownFileType = sourcecode.swift; path = AddUserGoRestAPIRequest.swift; sourceTree = "<group>"; };
		8745B0F427C775C800638C8F /* UpdateUserGoRestAPIRequest.swift */ = {isa = PBXFileReference; fileEncoding = 4; lastKnownFileType = sourcecode.swift; path = UpdateUserGoRestAPIRequest.swift; sourceTree = "<group>"; };
		8745B0F527C775C800638C8F /* GetUsersGoRestAPIRequest.swift */ = {isa = PBXFileReference; fileEncoding = 4; lastKnownFileType = sourcecode.swift; path = GetUsersGoRestAPIRequest.swift; sourceTree = "<group>"; };
		8745B0FA27C775CF00638C8F /* GoRestAPIClient.swift */ = {isa = PBXFileReference; fileEncoding = 4; lastKnownFileType = sourcecode.swift; path = GoRestAPIClient.swift; sourceTree = "<group>"; };
		8745B0FC27C77F0D00638C8F /* AirPollution.swift */ = {isa = PBXFileReference; fileEncoding = 4; lastKnownFileType = sourcecode.swift; path = AirPollution.swift; sourceTree = "<group>"; };
		8745B0FD27C77F0D00638C8F /* Weather.swift */ = {isa = PBXFileReference; fileEncoding = 4; lastKnownFileType = sourcecode.swift; path = Weather.swift; sourceTree = "<group>"; };
		8760582C70BA90B56430E399 /* Pods-RestAPIManager-RestAPIManagerTests.release.xcconfig */ = {isa = PBXFileReference; includeInIndex = 1; lastKnownFileType = text.xcconfig; name = "Pods-RestAPIManager-RestAPIManagerTests.release.xcconfig"; path = "Target Support Files/Pods-RestAPIManager-RestAPIManagerTests/Pods-RestAPIManager-RestAPIManagerTests.release.xcconfig"; sourceTree = "<group>"; };
		F55023407F2C7A9C4218A0DB /* Pods-RestAPIManager.release.xcconfig */ = {isa = PBXFileReference; includeInIndex = 1; lastKnownFileType = text.xcconfig; name = "Pods-RestAPIManager.release.xcconfig"; path = "Target Support Files/Pods-RestAPIManager/Pods-RestAPIManager.release.xcconfig"; sourceTree = "<group>"; };
/* End PBXFileReference section */

/* Begin PBXFrameworksBuildPhase section */
		7201857027906F130021B813 /* Frameworks */ = {
			isa = PBXFrameworksBuildPhase;
			buildActionMask = 2147483647;
			files = (
				4050F7E35247320D6F181054 /* Pods_RestAPIManager.framework in Frameworks */,
			);
			runOnlyForDeploymentPostprocessing = 0;
		};
		7201858627906F140021B813 /* Frameworks */ = {
			isa = PBXFrameworksBuildPhase;
			buildActionMask = 2147483647;
			files = (
				9CFC92E5BADAC4A93DA9B22B /* Pods_RestAPIManager_RestAPIManagerTests.framework in Frameworks */,
			);
			runOnlyForDeploymentPostprocessing = 0;
		};
/* End PBXFrameworksBuildPhase section */

/* Begin PBXGroup section */
		1373EC626564742646105DA6 /* Pods */ = {
			isa = PBXGroup;
			children = (
				6C2569DA837858EE923E05A3 /* Pods-RestAPIManager.debug.xcconfig */,
				F55023407F2C7A9C4218A0DB /* Pods-RestAPIManager.release.xcconfig */,
				0BD021A73EB06EB56CEA6040 /* Pods-RestAPIManager-RestAPIManagerTests.debug.xcconfig */,
				8760582C70BA90B56430E399 /* Pods-RestAPIManager-RestAPIManagerTests.release.xcconfig */,
			);
			path = Pods;
			sourceTree = "<group>";
		};
		1C6351CE4C7AF3E7A3E608BF /* Frameworks */ = {
			isa = PBXGroup;
			children = (
				4030A400830EC1114AD52C7E /* Pods_RestAPIManager.framework */,
				6C2B2E42C4388D2319ECE697 /* Pods_RestAPIManager_RestAPIManagerTests.framework */,
			);
			name = Frameworks;
			sourceTree = "<group>";
		};
		7201856A27906F130021B813 = {
			isa = PBXGroup;
			children = (
				72BDB33B27909E2000F68B4C /* build_config.sh */,
				72BDB3402790A4D700F68B4C /* Configurations */,
				7201857527906F130021B813 /* RestAPIManager */,
				7201858C27906F140021B813 /* RestAPIManagerTests */,
				7201857427906F130021B813 /* Products */,
				1373EC626564742646105DA6 /* Pods */,
				1C6351CE4C7AF3E7A3E608BF /* Frameworks */,
			);
			sourceTree = "<group>";
		};
		7201857427906F130021B813 /* Products */ = {
			isa = PBXGroup;
			children = (
				7201857327906F130021B813 /* RestAPIManager.app */,
				7201858927906F140021B813 /* RestAPIManagerTests.xctest */,
			);
			name = Products;
			sourceTree = "<group>";
		};
		7201857527906F130021B813 /* RestAPIManager */ = {
			isa = PBXGroup;
			children = (
				7201857627906F130021B813 /* AppDelegate.swift */,
				7201857827906F130021B813 /* SceneDelegate.swift */,
				7201857A27906F130021B813 /* ViewController.swift */,
				72BD335B279B786A00068760 /* RestAPI */,
				8745B0E927C774FD00638C8F /* OpenWeatherMapAPIClient */,
				8745B0F027C775B300638C8F /* GoRestAPIClient */,
				72B4CF0427980EC1007AB50B /* JSONCoder.swift */,
				72B4CF0227976EF2007AB50B /* HTTPClient.swift */,
				72BD335D279B848A00068760 /* Model */,
				7201857C27906F130021B813 /* Main.storyboard */,
				7201857F27906F140021B813 /* Assets.xcassets */,
				7201858127906F140021B813 /* LaunchScreen.storyboard */,
				7201858427906F140021B813 /* Info.plist */,
			);
			path = RestAPIManager;
			sourceTree = "<group>";
		};
		7201858C27906F140021B813 /* RestAPIManagerTests */ = {
			isa = PBXGroup;
			children = (
				7201858D27906F140021B813 /* RestApiManagerTests.swift */,
				8716DA4927C798E30097EC8B /* Extensions */,
				875452AF27C7AAB20092056C /* GoRestApiClientTests */,
				8716DA4427C793170097EC8B /* OpenWeatherMapAPIClientTests */,
			);
			path = RestAPIManagerTests;
			sourceTree = "<group>";
		};
		72BD335B279B786A00068760 /* RestAPI */ = {
			isa = PBXGroup;
			children = (
				72BD3359279B785500068760 /* RestAPIClient.swift */,
				72BD3350279AC99400068760 /* RestAPICall.swift */,
			);
			path = RestAPI;
			sourceTree = "<group>";
		};
		72BD335D279B848A00068760 /* Model */ = {
			isa = PBXGroup;
			children = (
				8745B0FC27C77F0D00638C8F /* AirPollution.swift */,
				8745B0FD27C77F0D00638C8F /* Weather.swift */,
				72B4CF00279768C7007AB50B /* User.swift */,
			);
			path = Model;
			sourceTree = "<group>";
		};
		72BDB3402790A4D700F68B4C /* Configurations */ = {
			isa = PBXGroup;
			children = (
				72BDB3462790A9F300F68B4C /* Config-Debug.plist */,
				72BDB34B2790AA1700F68B4C /* Config-Release.plist */,
				72BDB3512790ABA200F68B4C /* Config.swift */,
			);
			path = Configurations;
			sourceTree = "<group>";
		};
		8716DA4427C793170097EC8B /* OpenWeatherMapAPIClientTests */ = {
			isa = PBXGroup;
			children = (
				8716DA4227C7930F0097EC8B /* GetCurrentWeatherOpenWeatherMapCallTests.swift */,
				8716DA4527C797C70097EC8B /* OpenWeatherMapCurrentWeatherTestData.json */,
			);
			path = OpenWeatherMapAPIClientTests;
			sourceTree = "<group>";
		};
		8716DA4927C798E30097EC8B /* Extensions */ = {
			isa = PBXGroup;
			children = (
				8716DA4727C7985E0097EC8B /* Data+jsonFileName.swift */,
			);
			path = Extensions;
			sourceTree = "<group>";
		};
		8745B0E927C774FD00638C8F /* OpenWeatherMapAPIClient */ = {
			isa = PBXGroup;
			children = (
				8745B0ED27C774FD00638C8F /* OpenWeatherMapAPIClient.swift */,
				8745B0EA27C774FD00638C8F /* Calls */,
			);
			path = OpenWeatherMapAPIClient;
			sourceTree = "<group>";
		};
		8745B0EA27C774FD00638C8F /* Calls */ = {
			isa = PBXGroup;
			children = (
				8745B0EB27C774FD00638C8F /* GetCurrentWeatherOpenWeatherMapCall.swift */,
				8745B0EC27C774FD00638C8F /* GetCurrentAirPollutionOpenWeatherMapAPICall.swift */,
			);
			path = Calls;
			sourceTree = "<group>";
		};
		8745B0F027C775B300638C8F /* GoRestAPIClient */ = {
			isa = PBXGroup;
			children = (
				8745B0FA27C775CF00638C8F /* GoRestAPIClient.swift */,
				8745B0F127C775B900638C8F /* Calls */,
			);
			path = GoRestAPIClient;
			sourceTree = "<group>";
		};
		8745B0F127C775B900638C8F /* Calls */ = {
			isa = PBXGroup;
			children = (
				8745B0F327C775C800638C8F /* AddUserGoRestAPIRequest.swift */,
				8745B0F227C775C800638C8F /* DeleteUserGoRestAPIRequest.swift */,
				8745B0F527C775C800638C8F /* GetUsersGoRestAPIRequest.swift */,
				8745B0F427C775C800638C8F /* UpdateUserGoRestAPIRequest.swift */,
			);
			path = Calls;
			sourceTree = "<group>";
		};
		875452AF27C7AAB20092056C /* GoRestApiClientTests */ = {
			isa = PBXGroup;
			children = (
				72D5FC982798291B00328CF9 /* HTTPClientMock.swift */,
				72D5FC962798279600328CF9 /* GoRestApiClientTests.swift */,
				72B9E2C12798369900B703B7 /* UsersTestFile.json */,
			);
			path = GoRestApiClientTests;
			sourceTree = "<group>";
		};
/* End PBXGroup section */

/* Begin PBXNativeTarget section */
		7201857227906F130021B813 /* RestAPIManager */ = {
			isa = PBXNativeTarget;
			buildConfigurationList = 7201859D27906F140021B813 /* Build configuration list for PBXNativeTarget "RestAPIManager" */;
			buildPhases = (
				6ECF5D48BBBEE210E2A45C91 /* [CP] Check Pods Manifest.lock */,
				7201856F27906F130021B813 /* Sources */,
				7201857027906F130021B813 /* Frameworks */,
				7201857127906F130021B813 /* Resources */,
				72BDB33C27909E5C00F68B4C /* ShellScript */,
			);
			buildRules = (
			);
			dependencies = (
			);
			name = RestAPIManager;
			productName = RestAPIManager;
			productReference = 7201857327906F130021B813 /* RestAPIManager.app */;
			productType = "com.apple.product-type.application";
		};
		7201858827906F140021B813 /* RestAPIManagerTests */ = {
			isa = PBXNativeTarget;
			buildConfigurationList = 720185A027906F140021B813 /* Build configuration list for PBXNativeTarget "RestAPIManagerTests" */;
			buildPhases = (
				CB2449C7DD09249E448B1330 /* [CP] Check Pods Manifest.lock */,
				7201858527906F140021B813 /* Sources */,
				7201858627906F140021B813 /* Frameworks */,
				7201858727906F140021B813 /* Resources */,
				9FE962ADF6CCEBA30C15434E /* [CP] Embed Pods Frameworks */,
			);
			buildRules = (
			);
			dependencies = (
				7201858B27906F140021B813 /* PBXTargetDependency */,
			);
			name = RestAPIManagerTests;
			productName = RestAPIManagerTests;
			productReference = 7201858927906F140021B813 /* RestAPIManagerTests.xctest */;
			productType = "com.apple.product-type.bundle.unit-test";
		};
/* End PBXNativeTarget section */

/* Begin PBXProject section */
		7201856B27906F130021B813 /* Project object */ = {
			isa = PBXProject;
			attributes = {
				BuildIndependentTargetsInParallel = 1;
				LastSwiftUpdateCheck = 1320;
				LastUpgradeCheck = 1320;
				TargetAttributes = {
					7201857227906F130021B813 = {
						CreatedOnToolsVersion = 13.2.1;
					};
					7201858827906F140021B813 = {
						CreatedOnToolsVersion = 13.2.1;
						TestTargetID = 7201857227906F130021B813;
					};
				};
			};
			buildConfigurationList = 7201856E27906F130021B813 /* Build configuration list for PBXProject "RestAPIManager" */;
			compatibilityVersion = "Xcode 13.0";
			developmentRegion = en;
			hasScannedForEncodings = 0;
			knownRegions = (
				en,
				Base,
			);
			mainGroup = 7201856A27906F130021B813;
			productRefGroup = 7201857427906F130021B813 /* Products */;
			projectDirPath = "";
			projectRoot = "";
			targets = (
				7201857227906F130021B813 /* RestAPIManager */,
				7201858827906F140021B813 /* RestAPIManagerTests */,
			);
		};
/* End PBXProject section */

/* Begin PBXResourcesBuildPhase section */
		7201857127906F130021B813 /* Resources */ = {
			isa = PBXResourcesBuildPhase;
			buildActionMask = 2147483647;
			files = (
				875452AE27C79F520092056C /* OpenWeatherMapCurrentWeatherTestData.json in Resources */,
				7201858327906F140021B813 /* LaunchScreen.storyboard in Resources */,
				7201858027906F140021B813 /* Assets.xcassets in Resources */,
				72B9E2C327983DFA00B703B7 /* UsersTestFile.json in Resources */,
				72BDB34C2790AA1700F68B4C /* Config-Release.plist in Resources */,
				72BDB3472790A9F300F68B4C /* Config-Debug.plist in Resources */,
				7201857E27906F130021B813 /* Main.storyboard in Resources */,
			);
			runOnlyForDeploymentPostprocessing = 0;
		};
		7201858727906F140021B813 /* Resources */ = {
			isa = PBXResourcesBuildPhase;
			buildActionMask = 2147483647;
			files = (
				8716DA4627C797C70097EC8B /* OpenWeatherMapCurrentWeatherTestData.json in Resources */,
				721C7E49279A33060007815F /* UsersTestFile.json in Resources */,
			);
			runOnlyForDeploymentPostprocessing = 0;
		};
/* End PBXResourcesBuildPhase section */

/* Begin PBXShellScriptBuildPhase section */
		6ECF5D48BBBEE210E2A45C91 /* [CP] Check Pods Manifest.lock */ = {
			isa = PBXShellScriptBuildPhase;
			buildActionMask = 2147483647;
			files = (
			);
			inputFileListPaths = (
			);
			inputPaths = (
				"${PODS_PODFILE_DIR_PATH}/Podfile.lock",
				"${PODS_ROOT}/Manifest.lock",
			);
			name = "[CP] Check Pods Manifest.lock";
			outputFileListPaths = (
			);
			outputPaths = (
				"$(DERIVED_FILE_DIR)/Pods-RestAPIManager-checkManifestLockResult.txt",
			);
			runOnlyForDeploymentPostprocessing = 0;
			shellPath = /bin/sh;
			shellScript = "diff \"${PODS_PODFILE_DIR_PATH}/Podfile.lock\" \"${PODS_ROOT}/Manifest.lock\" > /dev/null\nif [ $? != 0 ] ; then\n    # print error to STDERR\n    echo \"error: The sandbox is not in sync with the Podfile.lock. Run 'pod install' or update your CocoaPods installation.\" >&2\n    exit 1\nfi\n# This output is used by Xcode 'outputs' to avoid re-running this script phase.\necho \"SUCCESS\" > \"${SCRIPT_OUTPUT_FILE_0}\"\n";
			showEnvVarsInLog = 0;
		};
		72BDB33C27909E5C00F68B4C /* ShellScript */ = {
			isa = PBXShellScriptBuildPhase;
			buildActionMask = 2147483647;
			files = (
			);
			inputFileListPaths = (
			);
			inputPaths = (
			);
			outputFileListPaths = (
			);
			outputPaths = (
			);
			runOnlyForDeploymentPostprocessing = 0;
			shellPath = /bin/sh;
			shellScript = "source build_config.sh\n";
		};
		9FE962ADF6CCEBA30C15434E /* [CP] Embed Pods Frameworks */ = {
			isa = PBXShellScriptBuildPhase;
			buildActionMask = 2147483647;
			files = (
			);
			inputFileListPaths = (
				"${PODS_ROOT}/Target Support Files/Pods-RestAPIManager-RestAPIManagerTests/Pods-RestAPIManager-RestAPIManagerTests-frameworks-${CONFIGURATION}-input-files.xcfilelist",
			);
			name = "[CP] Embed Pods Frameworks";
			outputFileListPaths = (
				"${PODS_ROOT}/Target Support Files/Pods-RestAPIManager-RestAPIManagerTests/Pods-RestAPIManager-RestAPIManagerTests-frameworks-${CONFIGURATION}-output-files.xcfilelist",
			);
			runOnlyForDeploymentPostprocessing = 0;
			shellPath = /bin/sh;
			shellScript = "\"${PODS_ROOT}/Target Support Files/Pods-RestAPIManager-RestAPIManagerTests/Pods-RestAPIManager-RestAPIManagerTests-frameworks.sh\"\n";
			showEnvVarsInLog = 0;
		};
		CB2449C7DD09249E448B1330 /* [CP] Check Pods Manifest.lock */ = {
			isa = PBXShellScriptBuildPhase;
			buildActionMask = 2147483647;
			files = (
			);
			inputFileListPaths = (
			);
			inputPaths = (
				"${PODS_PODFILE_DIR_PATH}/Podfile.lock",
				"${PODS_ROOT}/Manifest.lock",
			);
			name = "[CP] Check Pods Manifest.lock";
			outputFileListPaths = (
			);
			outputPaths = (
				"$(DERIVED_FILE_DIR)/Pods-RestAPIManager-RestAPIManagerTests-checkManifestLockResult.txt",
			);
			runOnlyForDeploymentPostprocessing = 0;
			shellPath = /bin/sh;
			shellScript = "diff \"${PODS_PODFILE_DIR_PATH}/Podfile.lock\" \"${PODS_ROOT}/Manifest.lock\" > /dev/null\nif [ $? != 0 ] ; then\n    # print error to STDERR\n    echo \"error: The sandbox is not in sync with the Podfile.lock. Run 'pod install' or update your CocoaPods installation.\" >&2\n    exit 1\nfi\n# This output is used by Xcode 'outputs' to avoid re-running this script phase.\necho \"SUCCESS\" > \"${SCRIPT_OUTPUT_FILE_0}\"\n";
			showEnvVarsInLog = 0;
		};
/* End PBXShellScriptBuildPhase section */

/* Begin PBXSourcesBuildPhase section */
		7201856F27906F130021B813 /* Sources */ = {
			isa = PBXSourcesBuildPhase;
			buildActionMask = 2147483647;
			files = (
				8745B0F627C775C800638C8F /* DeleteUserGoRestAPIRequest.swift in Sources */,
				875452AC27C79A7C0092056C /* GetCurrentWeatherOpenWeatherMapCall.swift in Sources */,
				8745B0F727C775C800638C8F /* AddUserGoRestAPIRequest.swift in Sources */,
				7201857B27906F130021B813 /* ViewController.swift in Sources */,
				72B4CF0527980EC1007AB50B /* JSONCoder.swift in Sources */,
				8745B0F927C775C800638C8F /* GetUsersGoRestAPIRequest.swift in Sources */,
				8745B0FE27C77F0D00638C8F /* AirPollution.swift in Sources */,
				8745B0F827C775C800638C8F /* UpdateUserGoRestAPIRequest.swift in Sources */,
				72B4CF01279768C7007AB50B /* User.swift in Sources */,
				8745B0FF27C77F0D00638C8F /* Weather.swift in Sources */,
				72B4CF0327976EF2007AB50B /* HTTPClient.swift in Sources */,
				72BD335A279B785500068760 /* RestAPIClient.swift in Sources */,
				72BD3351279AC99400068760 /* RestAPICall.swift in Sources */,
				72BDB3522790ABA200F68B4C /* Config.swift in Sources */,
				7201857727906F130021B813 /* AppDelegate.swift in Sources */,
				7201857927906F130021B813 /* SceneDelegate.swift in Sources */,
				875452AD27C79A7C0092056C /* GetCurrentAirPollutionOpenWeatherMapAPICall.swift in Sources */,
				875452AB27C79A780092056C /* OpenWeatherMapAPIClient.swift in Sources */,
				8745B0FB27C775CF00638C8F /* GoRestAPIClient.swift in Sources */,
			);
			runOnlyForDeploymentPostprocessing = 0;
		};
		7201858527906F140021B813 /* Sources */ = {
			isa = PBXSourcesBuildPhase;
			buildActionMask = 2147483647;
			files = (
				7201858E27906F140021B813 /* RestApiManagerTests.swift in Sources */,
				8716DA4327C7930F0097EC8B /* GetCurrentWeatherOpenWeatherMapCallTests.swift in Sources */,
				72B9E2C42798489200B703B7 /* Config.swift in Sources */,
				8716DA4827C7985E0097EC8B /* Data+jsonFileName.swift in Sources */,
				72D5FC972798279600328CF9 /* GoRestApiClientTests.swift in Sources */,
				72D5FC992798291B00328CF9 /* HTTPClientMock.swift in Sources */,
			);
			runOnlyForDeploymentPostprocessing = 0;
		};
/* End PBXSourcesBuildPhase section */

/* Begin PBXTargetDependency section */
		7201858B27906F140021B813 /* PBXTargetDependency */ = {
			isa = PBXTargetDependency;
			target = 7201857227906F130021B813 /* RestAPIManager */;
			targetProxy = 7201858A27906F140021B813 /* PBXContainerItemProxy */;
		};
/* End PBXTargetDependency section */

/* Begin PBXVariantGroup section */
		7201857C27906F130021B813 /* Main.storyboard */ = {
			isa = PBXVariantGroup;
			children = (
				7201857D27906F130021B813 /* Base */,
			);
			name = Main.storyboard;
			sourceTree = "<group>";
		};
		7201858127906F140021B813 /* LaunchScreen.storyboard */ = {
			isa = PBXVariantGroup;
			children = (
				7201858227906F140021B813 /* Base */,
			);
			name = LaunchScreen.storyboard;
			sourceTree = "<group>";
		};
/* End PBXVariantGroup section */

/* Begin XCBuildConfiguration section */
		7201859B27906F140021B813 /* Debug */ = {
			isa = XCBuildConfiguration;
			buildSettings = {
				ALWAYS_SEARCH_USER_PATHS = NO;
				CLANG_ANALYZER_NONNULL = YES;
				CLANG_ANALYZER_NUMBER_OBJECT_CONVERSION = YES_AGGRESSIVE;
				CLANG_CXX_LANGUAGE_STANDARD = "gnu++17";
				CLANG_CXX_LIBRARY = "libc++";
				CLANG_ENABLE_MODULES = YES;
				CLANG_ENABLE_OBJC_ARC = YES;
				CLANG_ENABLE_OBJC_WEAK = YES;
				CLANG_WARN_BLOCK_CAPTURE_AUTORELEASING = YES;
				CLANG_WARN_BOOL_CONVERSION = YES;
				CLANG_WARN_COMMA = YES;
				CLANG_WARN_CONSTANT_CONVERSION = YES;
				CLANG_WARN_DEPRECATED_OBJC_IMPLEMENTATIONS = YES;
				CLANG_WARN_DIRECT_OBJC_ISA_USAGE = YES_ERROR;
				CLANG_WARN_DOCUMENTATION_COMMENTS = YES;
				CLANG_WARN_EMPTY_BODY = YES;
				CLANG_WARN_ENUM_CONVERSION = YES;
				CLANG_WARN_INFINITE_RECURSION = YES;
				CLANG_WARN_INT_CONVERSION = YES;
				CLANG_WARN_NON_LITERAL_NULL_CONVERSION = YES;
				CLANG_WARN_OBJC_IMPLICIT_RETAIN_SELF = YES;
				CLANG_WARN_OBJC_LITERAL_CONVERSION = YES;
				CLANG_WARN_OBJC_ROOT_CLASS = YES_ERROR;
				CLANG_WARN_QUOTED_INCLUDE_IN_FRAMEWORK_HEADER = YES;
				CLANG_WARN_RANGE_LOOP_ANALYSIS = YES;
				CLANG_WARN_STRICT_PROTOTYPES = YES;
				CLANG_WARN_SUSPICIOUS_MOVE = YES;
				CLANG_WARN_UNGUARDED_AVAILABILITY = YES_AGGRESSIVE;
				CLANG_WARN_UNREACHABLE_CODE = YES;
				CLANG_WARN__DUPLICATE_METHOD_MATCH = YES;
				COPY_PHASE_STRIP = NO;
				DEBUG_INFORMATION_FORMAT = dwarf;
				ENABLE_STRICT_OBJC_MSGSEND = YES;
				ENABLE_TESTABILITY = YES;
				GCC_C_LANGUAGE_STANDARD = gnu11;
				GCC_DYNAMIC_NO_PIC = NO;
				GCC_NO_COMMON_BLOCKS = YES;
				GCC_OPTIMIZATION_LEVEL = 0;
				GCC_PREPROCESSOR_DEFINITIONS = (
					"DEBUG=1",
					"$(inherited)",
				);
				GCC_WARN_64_TO_32_BIT_CONVERSION = YES;
				GCC_WARN_ABOUT_RETURN_TYPE = YES_ERROR;
				GCC_WARN_UNDECLARED_SELECTOR = YES;
				GCC_WARN_UNINITIALIZED_AUTOS = YES_AGGRESSIVE;
				GCC_WARN_UNUSED_FUNCTION = YES;
				GCC_WARN_UNUSED_VARIABLE = YES;
				IPHONEOS_DEPLOYMENT_TARGET = 15.2;
				MTL_ENABLE_DEBUG_INFO = INCLUDE_SOURCE;
				MTL_FAST_MATH = YES;
				ONLY_ACTIVE_ARCH = YES;
				SDKROOT = iphoneos;
				SWIFT_ACTIVE_COMPILATION_CONDITIONS = DEBUG;
				SWIFT_OPTIMIZATION_LEVEL = "-Onone";
			};
			name = Debug;
		};
		7201859C27906F140021B813 /* Release */ = {
			isa = XCBuildConfiguration;
			buildSettings = {
				ALWAYS_SEARCH_USER_PATHS = NO;
				CLANG_ANALYZER_NONNULL = YES;
				CLANG_ANALYZER_NUMBER_OBJECT_CONVERSION = YES_AGGRESSIVE;
				CLANG_CXX_LANGUAGE_STANDARD = "gnu++17";
				CLANG_CXX_LIBRARY = "libc++";
				CLANG_ENABLE_MODULES = YES;
				CLANG_ENABLE_OBJC_ARC = YES;
				CLANG_ENABLE_OBJC_WEAK = YES;
				CLANG_WARN_BLOCK_CAPTURE_AUTORELEASING = YES;
				CLANG_WARN_BOOL_CONVERSION = YES;
				CLANG_WARN_COMMA = YES;
				CLANG_WARN_CONSTANT_CONVERSION = YES;
				CLANG_WARN_DEPRECATED_OBJC_IMPLEMENTATIONS = YES;
				CLANG_WARN_DIRECT_OBJC_ISA_USAGE = YES_ERROR;
				CLANG_WARN_DOCUMENTATION_COMMENTS = YES;
				CLANG_WARN_EMPTY_BODY = YES;
				CLANG_WARN_ENUM_CONVERSION = YES;
				CLANG_WARN_INFINITE_RECURSION = YES;
				CLANG_WARN_INT_CONVERSION = YES;
				CLANG_WARN_NON_LITERAL_NULL_CONVERSION = YES;
				CLANG_WARN_OBJC_IMPLICIT_RETAIN_SELF = YES;
				CLANG_WARN_OBJC_LITERAL_CONVERSION = YES;
				CLANG_WARN_OBJC_ROOT_CLASS = YES_ERROR;
				CLANG_WARN_QUOTED_INCLUDE_IN_FRAMEWORK_HEADER = YES;
				CLANG_WARN_RANGE_LOOP_ANALYSIS = YES;
				CLANG_WARN_STRICT_PROTOTYPES = YES;
				CLANG_WARN_SUSPICIOUS_MOVE = YES;
				CLANG_WARN_UNGUARDED_AVAILABILITY = YES_AGGRESSIVE;
				CLANG_WARN_UNREACHABLE_CODE = YES;
				CLANG_WARN__DUPLICATE_METHOD_MATCH = YES;
				COPY_PHASE_STRIP = NO;
				DEBUG_INFORMATION_FORMAT = "dwarf-with-dsym";
				ENABLE_NS_ASSERTIONS = NO;
				ENABLE_STRICT_OBJC_MSGSEND = YES;
				GCC_C_LANGUAGE_STANDARD = gnu11;
				GCC_NO_COMMON_BLOCKS = YES;
				GCC_WARN_64_TO_32_BIT_CONVERSION = YES;
				GCC_WARN_ABOUT_RETURN_TYPE = YES_ERROR;
				GCC_WARN_UNDECLARED_SELECTOR = YES;
				GCC_WARN_UNINITIALIZED_AUTOS = YES_AGGRESSIVE;
				GCC_WARN_UNUSED_FUNCTION = YES;
				GCC_WARN_UNUSED_VARIABLE = YES;
				IPHONEOS_DEPLOYMENT_TARGET = 15.2;
				MTL_ENABLE_DEBUG_INFO = NO;
				MTL_FAST_MATH = YES;
				SDKROOT = iphoneos;
				SWIFT_COMPILATION_MODE = wholemodule;
				SWIFT_OPTIMIZATION_LEVEL = "-O";
				VALIDATE_PRODUCT = YES;
			};
			name = Release;
		};
		7201859E27906F140021B813 /* Debug */ = {
			isa = XCBuildConfiguration;
			baseConfigurationReference = 6C2569DA837858EE923E05A3 /* Pods-RestAPIManager.debug.xcconfig */;
			buildSettings = {
				ASSETCATALOG_COMPILER_APPICON_NAME = AppIcon;
				ASSETCATALOG_COMPILER_GLOBAL_ACCENT_COLOR_NAME = AccentColor;
				CODE_SIGN_STYLE = Automatic;
				CURRENT_PROJECT_VERSION = 1;
				GENERATE_INFOPLIST_FILE = YES;
				INFOPLIST_FILE = RestAPIManager/Info.plist;
				INFOPLIST_KEY_UIApplicationSupportsIndirectInputEvents = YES;
				INFOPLIST_KEY_UILaunchStoryboardName = LaunchScreen;
				INFOPLIST_KEY_UIMainStoryboardFile = Main;
				INFOPLIST_KEY_UISupportedInterfaceOrientations_iPad = "UIInterfaceOrientationPortrait UIInterfaceOrientationPortraitUpsideDown UIInterfaceOrientationLandscapeLeft UIInterfaceOrientationLandscapeRight";
				INFOPLIST_KEY_UISupportedInterfaceOrientations_iPhone = "UIInterfaceOrientationPortrait UIInterfaceOrientationLandscapeLeft UIInterfaceOrientationLandscapeRight";
				LD_RUNPATH_SEARCH_PATHS = (
					"$(inherited)",
					"@executable_path/Frameworks",
				);
				MARKETING_VERSION = 1.0;
				PRODUCT_BUNDLE_IDENTIFIER = tom.kukulka.RestAPIManager;
				PRODUCT_NAME = "$(TARGET_NAME)";
				SWIFT_EMIT_LOC_STRINGS = YES;
				SWIFT_VERSION = 5.0;
				TARGETED_DEVICE_FAMILY = "1,2";
			};
			name = Debug;
		};
		7201859F27906F140021B813 /* Release */ = {
			isa = XCBuildConfiguration;
			baseConfigurationReference = F55023407F2C7A9C4218A0DB /* Pods-RestAPIManager.release.xcconfig */;
			buildSettings = {
				ASSETCATALOG_COMPILER_APPICON_NAME = AppIcon;
				ASSETCATALOG_COMPILER_GLOBAL_ACCENT_COLOR_NAME = AccentColor;
				CODE_SIGN_STYLE = Automatic;
				CURRENT_PROJECT_VERSION = 1;
				GENERATE_INFOPLIST_FILE = YES;
				INFOPLIST_FILE = RestAPIManager/Info.plist;
				INFOPLIST_KEY_UIApplicationSupportsIndirectInputEvents = YES;
				INFOPLIST_KEY_UILaunchStoryboardName = LaunchScreen;
				INFOPLIST_KEY_UIMainStoryboardFile = Main;
				INFOPLIST_KEY_UISupportedInterfaceOrientations_iPad = "UIInterfaceOrientationPortrait UIInterfaceOrientationPortraitUpsideDown UIInterfaceOrientationLandscapeLeft UIInterfaceOrientationLandscapeRight";
				INFOPLIST_KEY_UISupportedInterfaceOrientations_iPhone = "UIInterfaceOrientationPortrait UIInterfaceOrientationLandscapeLeft UIInterfaceOrientationLandscapeRight";
				LD_RUNPATH_SEARCH_PATHS = (
					"$(inherited)",
					"@executable_path/Frameworks",
				);
				MARKETING_VERSION = 1.0;
				PRODUCT_BUNDLE_IDENTIFIER = tom.kukulka.RestAPIManager;
				PRODUCT_NAME = "$(TARGET_NAME)";
				SWIFT_EMIT_LOC_STRINGS = YES;
				SWIFT_VERSION = 5.0;
				TARGETED_DEVICE_FAMILY = "1,2";
			};
			name = Release;
		};
		720185A127906F140021B813 /* Debug */ = {
			isa = XCBuildConfiguration;
			baseConfigurationReference = 0BD021A73EB06EB56CEA6040 /* Pods-RestAPIManager-RestAPIManagerTests.debug.xcconfig */;
			buildSettings = {
				ALWAYS_EMBED_SWIFT_STANDARD_LIBRARIES = YES;
				BUNDLE_LOADER = "$(TEST_HOST)";
				CODE_SIGN_STYLE = Automatic;
				CURRENT_PROJECT_VERSION = 1;
				GENERATE_INFOPLIST_FILE = YES;
				IPHONEOS_DEPLOYMENT_TARGET = 15.2;
				MARKETING_VERSION = 1.0;
				PRODUCT_BUNDLE_IDENTIFIER = tom.kukulka.RestAPIManagerTests;
				PRODUCT_NAME = "$(TARGET_NAME)";
				SWIFT_EMIT_LOC_STRINGS = NO;
				SWIFT_VERSION = 5.0;
				TARGETED_DEVICE_FAMILY = "1,2";
				TEST_HOST = "$(BUILT_PRODUCTS_DIR)/RestAPIManager.app/RestAPIManager";
			};
			name = Debug;
		};
		720185A227906F140021B813 /* Release */ = {
			isa = XCBuildConfiguration;
			baseConfigurationReference = 8760582C70BA90B56430E399 /* Pods-RestAPIManager-RestAPIManagerTests.release.xcconfig */;
			buildSettings = {
				ALWAYS_EMBED_SWIFT_STANDARD_LIBRARIES = YES;
				BUNDLE_LOADER = "$(TEST_HOST)";
				CODE_SIGN_STYLE = Automatic;
				CURRENT_PROJECT_VERSION = 1;
				GENERATE_INFOPLIST_FILE = YES;
				IPHONEOS_DEPLOYMENT_TARGET = 15.2;
				MARKETING_VERSION = 1.0;
				PRODUCT_BUNDLE_IDENTIFIER = tom.kukulka.RestAPIManagerTests;
				PRODUCT_NAME = "$(TARGET_NAME)";
				SWIFT_EMIT_LOC_STRINGS = NO;
				SWIFT_VERSION = 5.0;
				TARGETED_DEVICE_FAMILY = "1,2";
				TEST_HOST = "$(BUILT_PRODUCTS_DIR)/RestAPIManager.app/RestAPIManager";
			};
			name = Release;
		};
/* End XCBuildConfiguration section */

/* Begin XCConfigurationList section */
		7201856E27906F130021B813 /* Build configuration list for PBXProject "RestAPIManager" */ = {
			isa = XCConfigurationList;
			buildConfigurations = (
				7201859B27906F140021B813 /* Debug */,
				7201859C27906F140021B813 /* Release */,
			);
			defaultConfigurationIsVisible = 0;
			defaultConfigurationName = Release;
		};
		7201859D27906F140021B813 /* Build configuration list for PBXNativeTarget "RestAPIManager" */ = {
			isa = XCConfigurationList;
			buildConfigurations = (
				7201859E27906F140021B813 /* Debug */,
				7201859F27906F140021B813 /* Release */,
			);
			defaultConfigurationIsVisible = 0;
			defaultConfigurationName = Release;
		};
		720185A027906F140021B813 /* Build configuration list for PBXNativeTarget "RestAPIManagerTests" */ = {
			isa = XCConfigurationList;
			buildConfigurations = (
				720185A127906F140021B813 /* Debug */,
				720185A227906F140021B813 /* Release */,
			);
			defaultConfigurationIsVisible = 0;
			defaultConfigurationName = Release;
		};
/* End XCConfigurationList section */
	};
	rootObject = 7201856B27906F130021B813 /* Project object */;
}
